
Microsoft Visual Studio Solution File, Format Version 12.00
# Visual Studio Version 16
VisualStudioVersion = 16.0.30413.136
MinimumVisualStudioVersion = 15.0.26124.0
Project("{2150E333-8FDC-42A3-9474-1A3956D46DE8}") = "src", "src", "{6696E09E-2208-4A94-86DB-FA7B15CBF52B}"
EndProject
Project("{9A19103F-16F7-4668-BE54-9A1E7A4F7556}") = "API.DeskBookService.Core", "src\API.DeskBookService.Core\API.DeskBookService.Core.csproj", "{9BA3A439-2C22-44B0-AF38-07CBAA081151}"
EndProject
Project("{9A19103F-16F7-4668-BE54-9A1E7A4F7556}") = "API.DeskBookService.Web", "src\API.DeskBookService.Web\API.DeskBookService.Web.csproj", "{0288CBEB-9D9B-4A68-9ECB-7A364ABA09F2}"
EndProject
Project("{2150E333-8FDC-42A3-9474-1A3956D46DE8}") = "test", "test", "{D6703667-5EDA-4827-842D-4763671B8D7C}"
EndProject
Project("{9A19103F-16F7-4668-BE54-9A1E7A4F7556}") = "API.DeskBookService.Tests", "test\API.DeskBookService.Tests\API.DeskBookService.Tests.csproj", "{523F2E03-BB74-421F-B853-8120404802D8}"
EndProject
Project("{9A19103F-16F7-4668-BE54-9A1E7A4F7556}") = "API.DeskBookService.Data", "src\API.DeskBookService.Data\API.DeskBookService.Data.csproj", "{4E93258D-9C6F-4A57-A539-9DE52468FF09}"
EndProject
Global
	GlobalSection(SolutionConfigurationPlatforms) = preSolution
		Debug|Any CPU = Debug|Any CPU
		Debug|x64 = Debug|x64
		Debug|x86 = Debug|x86
		Release|Any CPU = Release|Any CPU
		Release|x64 = Release|x64
		Release|x86 = Release|x86
	EndGlobalSection
	GlobalSection(ProjectConfigurationPlatforms) = postSolution
		{9BA3A439-2C22-44B0-AF38-07CBAA081151}.Debug|Any CPU.ActiveCfg = Debug|Any CPU
		{9BA3A439-2C22-44B0-AF38-07CBAA081151}.Debug|Any CPU.Build.0 = Debug|Any CPU
		{9BA3A439-2C22-44B0-AF38-07CBAA081151}.Debug|x64.ActiveCfg = Debug|Any CPU
		{9BA3A439-2C22-44B0-AF38-07CBAA081151}.Debug|x64.Build.0 = Debug|Any CPU
		{9BA3A439-2C22-44B0-AF38-07CBAA081151}.Debug|x86.ActiveCfg = Debug|Any CPU
		{9BA3A439-2C22-44B0-AF38-07CBAA081151}.Debug|x86.Build.0 = Debug|Any CPU
		{9BA3A439-2C22-44B0-AF38-07CBAA081151}.Release|Any CPU.ActiveCfg = Release|Any CPU
		{9BA3A439-2C22-44B0-AF38-07CBAA081151}.Release|Any CPU.Build.0 = Release|Any CPU
		{9BA3A439-2C22-44B0-AF38-07CBAA081151}.Release|x64.ActiveCfg = Release|Any CPU
		{9BA3A439-2C22-44B0-AF38-07CBAA081151}.Release|x64.Build.0 = Release|Any CPU
		{9BA3A439-2C22-44B0-AF38-07CBAA081151}.Release|x86.ActiveCfg = Release|Any CPU
		{9BA3A439-2C22-44B0-AF38-07CBAA081151}.Release|x86.Build.0 = Release|Any CPU
		{0288CBEB-9D9B-4A68-9ECB-7A364ABA09F2}.Debug|Any CPU.ActiveCfg = Debug|Any CPU
		{0288CBEB-9D9B-4A68-9ECB-7A364ABA09F2}.Debug|Any CPU.Build.0 = Debug|Any CPU
		{0288CBEB-9D9B-4A68-9ECB-7A364ABA09F2}.Debug|x64.ActiveCfg = Debug|Any CPU
		{0288CBEB-9D9B-4A68-9ECB-7A364ABA09F2}.Debug|x64.Build.0 = Debug|Any CPU
		{0288CBEB-9D9B-4A68-9ECB-7A364ABA09F2}.Debug|x86.ActiveCfg = Debug|Any CPU
		{0288CBEB-9D9B-4A68-9ECB-7A364ABA09F2}.Debug|x86.Build.0 = Debug|Any CPU
		{0288CBEB-9D9B-4A68-9ECB-7A364ABA09F2}.Release|Any CPU.ActiveCfg = Release|Any CPU
		{0288CBEB-9D9B-4A68-9ECB-7A364ABA09F2}.Release|Any CPU.Build.0 = Release|Any CPU
		{0288CBEB-9D9B-4A68-9ECB-7A364ABA09F2}.Release|x64.ActiveCfg = Release|Any CPU
		{0288CBEB-9D9B-4A68-9ECB-7A364ABA09F2}.Release|x64.Build.0 = Release|Any CPU
		{0288CBEB-9D9B-4A68-9ECB-7A364ABA09F2}.Release|x86.ActiveCfg = Release|Any CPU
		{0288CBEB-9D9B-4A68-9ECB-7A364ABA09F2}.Release|x86.Build.0 = Release|Any CPU
		{523F2E03-BB74-421F-B853-8120404802D8}.Debug|Any CPU.ActiveCfg = Debug|Any CPU
		{523F2E03-BB74-421F-B853-8120404802D8}.Debug|Any CPU.Build.0 = Debug|Any CPU
		{523F2E03-BB74-421F-B853-8120404802D8}.Debug|x64.ActiveCfg = Debug|Any CPU
		{523F2E03-BB74-421F-B853-8120404802D8}.Debug|x64.Build.0 = Debug|Any CPU
		{523F2E03-BB74-421F-B853-8120404802D8}.Debug|x86.ActiveCfg = Debug|Any CPU
		{523F2E03-BB74-421F-B853-8120404802D8}.Debug|x86.Build.0 = Debug|Any CPU
		{523F2E03-BB74-421F-B853-8120404802D8}.Release|Any CPU.ActiveCfg = Release|Any CPU
		{523F2E03-BB74-421F-B853-8120404802D8}.Release|Any CPU.Build.0 = Release|Any CPU
		{523F2E03-BB74-421F-B853-8120404802D8}.Release|x64.ActiveCfg = Release|Any CPU
		{523F2E03-BB74-421F-B853-8120404802D8}.Release|x64.Build.0 = Release|Any CPU
		{523F2E03-BB74-421F-B853-8120404802D8}.Release|x86.ActiveCfg = Release|Any CPU
		{523F2E03-BB74-421F-B853-8120404802D8}.Release|x86.Build.0 = Release|Any CPU
		{4E93258D-9C6F-4A57-A539-9DE52468FF09}.Debug|Any CPU.ActiveCfg = Debug|Any CPU
		{4E93258D-9C6F-4A57-A539-9DE52468FF09}.Debug|Any CPU.Build.0 = Debug|Any CPU
		{4E93258D-9C6F-4A57-A539-9DE52468FF09}.Debug|x64.ActiveCfg = Debug|Any CPU
		{4E93258D-9C6F-4A57-A539-9DE52468FF09}.Debug|x64.Build.0 = Debug|Any CPU
		{4E93258D-9C6F-4A57-A539-9DE52468FF09}.Debug|x86.ActiveCfg = Debug|Any CPU
		{4E93258D-9C6F-4A57-A539-9DE52468FF09}.Debug|x86.Build.0 = Debug|Any CPU
		{4E93258D-9C6F-4A57-A539-9DE52468FF09}.Release|Any CPU.ActiveCfg = Release|Any CPU
		{4E93258D-9C6F-4A57-A539-9DE52468FF09}.Release|Any CPU.Build.0 = Release|Any CPU
		{4E93258D-9C6F-4A57-A539-9DE52468FF09}.Release|x64.ActiveCfg = Release|Any CPU
		{4E93258D-9C6F-4A57-A539-9DE52468FF09}.Release|x64.Build.0 = Release|Any CPU
		{4E93258D-9C6F-4A57-A539-9DE52468FF09}.Release|x86.ActiveCfg = Release|Any CPU
		{4E93258D-9C6F-4A57-A539-9DE52468FF09}.Release|x86.Build.0 = Release|Any CPU
	EndGlobalSection
	GlobalSection(SolutionProperties) = preSolution
		HideSolutionNode = FALSE
	EndGlobalSection
	GlobalSection(NestedProjects) = preSolution
		{9BA3A439-2C22-44B0-AF38-07CBAA081151} = {6696E09E-2208-4A94-86DB-FA7B15CBF52B}
		{0288CBEB-9D9B-4A68-9ECB-7A364ABA09F2} = {6696E09E-2208-4A94-86DB-FA7B15CBF52B}
		{523F2E03-BB74-421F-B853-8120404802D8} = {D6703667-5EDA-4827-842D-4763671B8D7C}
		{4E93258D-9C6F-4A57-A539-9DE52468FF09} = {6696E09E-2208-4A94-86DB-FA7B15CBF52B}
	EndGlobalSection
	GlobalSection(ExtensibilityGlobals) = postSolution
		SolutionGuid = {AA2BE4C8-6025-4B97-957E-01E0604C045F}
	EndGlobalSection
EndGlobal
